
Microsoft Visual Studio Solution File, Format Version 12.00
# Visual Studio Version 16
VisualStudioVersion = 16.0.29926.136
MinimumVisualStudioVersion = 10.0.40219.1
Project("{9A19103F-16F7-4668-BE54-9A1E7A4F7556}") = "StatCode", "StatCode\StatCode.csproj", "{9EFB7DAB-7D8F-4BCC-A869-11D0FE18424A}"
EndProject
Project("{9A19103F-16F7-4668-BE54-9A1E7A4F7556}") = "ProjectClasses", "ProjectClasses\ProjectClasses.csproj", "{E29F7206-96C4-4029-9D7A-45064D9212FB}"
EndProject
Project("{9A19103F-16F7-4668-BE54-9A1E7A4F7556}") = "Test", "Test\Test.csproj", "{000DE673-F833-4564-8CDC-5D031421CF65}"
EndProject
Project("{9A19103F-16F7-4668-BE54-9A1E7A4F7556}") = "ClasseManager", "ClasseManager\ClasseManager.csproj", "{BD41F637-72EC-4991-BCB8-EC0BBA3422D2}"
EndProject
Project("{9A19103F-16F7-4668-BE54-9A1E7A4F7556}") = "UnitTest1", "UnitTest1\UnitTest1.csproj", "{9A1F0256-323D-4ADD-922B-0DE3DEA7B8C1}"
EndProject
Project("{FAE04EC0-301F-11D3-BF4B-00C04F79EFBC}") = "Data", "Data\Data.csproj", "{E2521BF1-2C71-4067-BF65-9A36F4B6D8F7}"
EndProject
Global
	GlobalSection(SolutionConfigurationPlatforms) = preSolution
		Debug|Any CPU = Debug|Any CPU
		Release|Any CPU = Release|Any CPU
	EndGlobalSection
	GlobalSection(ProjectConfigurationPlatforms) = postSolution
		{9EFB7DAB-7D8F-4BCC-A869-11D0FE18424A}.Debug|Any CPU.ActiveCfg = Debug|Any CPU
		{9EFB7DAB-7D8F-4BCC-A869-11D0FE18424A}.Debug|Any CPU.Build.0 = Debug|Any CPU
		{9EFB7DAB-7D8F-4BCC-A869-11D0FE18424A}.Release|Any CPU.ActiveCfg = Release|Any CPU
		{9EFB7DAB-7D8F-4BCC-A869-11D0FE18424A}.Release|Any CPU.Build.0 = Release|Any CPU
		{E29F7206-96C4-4029-9D7A-45064D9212FB}.Debug|Any CPU.ActiveCfg = Debug|Any CPU
		{E29F7206-96C4-4029-9D7A-45064D9212FB}.Debug|Any CPU.Build.0 = Debug|Any CPU
		{E29F7206-96C4-4029-9D7A-45064D9212FB}.Release|Any CPU.ActiveCfg = Release|Any CPU
		{E29F7206-96C4-4029-9D7A-45064D9212FB}.Release|Any CPU.Build.0 = Release|Any CPU
		{000DE673-F833-4564-8CDC-5D031421CF65}.Debug|Any CPU.ActiveCfg = Debug|Any CPU
		{000DE673-F833-4564-8CDC-5D031421CF65}.Debug|Any CPU.Build.0 = Debug|Any CPU
		{000DE673-F833-4564-8CDC-5D031421CF65}.Release|Any CPU.ActiveCfg = Release|Any CPU
		{000DE673-F833-4564-8CDC-5D031421CF65}.Release|Any CPU.Build.0 = Release|Any CPU
		{BD41F637-72EC-4991-BCB8-EC0BBA3422D2}.Debug|Any CPU.ActiveCfg = Debug|Any CPU
		{BD41F637-72EC-4991-BCB8-EC0BBA3422D2}.Debug|Any CPU.Build.0 = Debug|Any CPU
		{BD41F637-72EC-4991-BCB8-EC0BBA3422D2}.Release|Any CPU.ActiveCfg = Release|Any CPU
		{BD41F637-72EC-4991-BCB8-EC0BBA3422D2}.Release|Any CPU.Build.0 = Release|Any CPU
		{9A1F0256-323D-4ADD-922B-0DE3DEA7B8C1}.Debug|Any CPU.ActiveCfg = Debug|Any CPU
		{9A1F0256-323D-4ADD-922B-0DE3DEA7B8C1}.Debug|Any CPU.Build.0 = Debug|Any CPU
		{9A1F0256-323D-4ADD-922B-0DE3DEA7B8C1}.Release|Any CPU.ActiveCfg = Release|Any CPU
		{9A1F0256-323D-4ADD-922B-0DE3DEA7B8C1}.Release|Any CPU.Build.0 = Release|Any CPU
		{E2521BF1-2C71-4067-BF65-9A36F4B6D8F7}.Debug|Any CPU.ActiveCfg = Debug|Any CPU
		{E2521BF1-2C71-4067-BF65-9A36F4B6D8F7}.Debug|Any CPU.Build.0 = Debug|Any CPU
		{E2521BF1-2C71-4067-BF65-9A36F4B6D8F7}.Release|Any CPU.ActiveCfg = Release|Any CPU
		{E2521BF1-2C71-4067-BF65-9A36F4B6D8F7}.Release|Any CPU.Build.0 = Release|Any CPU
	EndGlobalSection
	GlobalSection(SolutionProperties) = preSolution
		HideSolutionNode = FALSE
	EndGlobalSection
	GlobalSection(ExtensibilityGlobals) = postSolution
		SolutionGuid = {73A71285-9FAE-42FD-B5A9-4BB3529947F0}
	EndGlobalSection
EndGlobal
